// !$*UTF8*$!
{
	archiveVersion = 1;
	classes = {
	};
	objectVersion = 46;
	objects = {

/* Begin PBXBuildFile section */
		350BB4D41E52AD3C003C3E62 /* Info.plist in Resources */ = {isa = PBXBuildFile; fileRef = 350BB4841E52AD3C003C3E62 /* Info.plist */; };
		350BB4D51E52AD3C003C3E62 /* MASCompositeConstraint.m in Sources */ = {isa = PBXBuildFile; fileRef = 350BB4861E52AD3C003C3E62 /* MASCompositeConstraint.m */; };
		350BB4D61E52AD3C003C3E62 /* MASConstraint.m in Sources */ = {isa = PBXBuildFile; fileRef = 350BB4891E52AD3C003C3E62 /* MASConstraint.m */; };
		350BB4D71E52AD3C003C3E62 /* MASConstraintMaker.m in Sources */ = {isa = PBXBuildFile; fileRef = 350BB48B1E52AD3C003C3E62 /* MASConstraintMaker.m */; };
		350BB4D81E52AD3C003C3E62 /* MASLayoutConstraint.m in Sources */ = {isa = PBXBuildFile; fileRef = 350BB48D1E52AD3C003C3E62 /* MASLayoutConstraint.m */; };
		350BB4D91E52AD3C003C3E62 /* MASViewAttribute.m in Sources */ = {isa = PBXBuildFile; fileRef = 350BB4911E52AD3C003C3E62 /* MASViewAttribute.m */; };
		350BB4DA1E52AD3C003C3E62 /* MASViewConstraint.m in Sources */ = {isa = PBXBuildFile; fileRef = 350BB4931E52AD3C003C3E62 /* MASViewConstraint.m */; };
		350BB4DB1E52AD3C003C3E62 /* NSArray+MASAdditions.m in Sources */ = {isa = PBXBuildFile; fileRef = 350BB4951E52AD3C003C3E62 /* NSArray+MASAdditions.m */; };
		350BB4DC1E52AD3C003C3E62 /* NSLayoutConstraint+MASDebugAdditions.m in Sources */ = {isa = PBXBuildFile; fileRef = 350BB4981E52AD3C003C3E62 /* NSLayoutConstraint+MASDebugAdditions.m */; };
		350BB4DD1E52AD3C003C3E62 /* View+MASAdditions.m in Sources */ = {isa = PBXBuildFile; fileRef = 350BB49A1E52AD3C003C3E62 /* View+MASAdditions.m */; };
		350BB4DE1E52AD3C003C3E62 /* ViewController+MASAdditions.m in Sources */ = {isa = PBXBuildFile; fileRef = 350BB49D1E52AD3C003C3E62 /* ViewController+MASAdditions.m */; };
		350BB4DF1E52AD3C003C3E62 /* MBProgressHUD.bundle in Resources */ = {isa = PBXBuildFile; fileRef = 350BB49F1E52AD3C003C3E62 /* MBProgressHUD.bundle */; };
		350BB4E01E52AD3C003C3E62 /* MBProgressHUD.m in Sources */ = {isa = PBXBuildFile; fileRef = 350BB4A11E52AD3C003C3E62 /* MBProgressHUD.m */; };
		350BB4E11E52AD3C003C3E62 /* MKAnnotationView+WebCache.m in Sources */ = {isa = PBXBuildFile; fileRef = 350BB4A41E52AD3C003C3E62 /* MKAnnotationView+WebCache.m */; };
		350BB4E21E52AD3C003C3E62 /* NSData+ImageContentType.m in Sources */ = {isa = PBXBuildFile; fileRef = 350BB4A61E52AD3C003C3E62 /* NSData+ImageContentType.m */; };
		350BB4E31E52AD3C003C3E62 /* SDImageCache.m in Sources */ = {isa = PBXBuildFile; fileRef = 350BB4A81E52AD3C003C3E62 /* SDImageCache.m */; };
		350BB4E41E52AD3C003C3E62 /* SDWebImageCompat.m in Sources */ = {isa = PBXBuildFile; fileRef = 350BB4AA1E52AD3C003C3E62 /* SDWebImageCompat.m */; };
		350BB4E51E52AD3C003C3E62 /* SDWebImageDecoder.m in Sources */ = {isa = PBXBuildFile; fileRef = 350BB4AC1E52AD3C003C3E62 /* SDWebImageDecoder.m */; };
		350BB4E61E52AD3C003C3E62 /* SDWebImageDownloader.m in Sources */ = {isa = PBXBuildFile; fileRef = 350BB4AE1E52AD3C003C3E62 /* SDWebImageDownloader.m */; };
		350BB4E71E52AD3C003C3E62 /* SDWebImageDownloaderOperation.m in Sources */ = {isa = PBXBuildFile; fileRef = 350BB4B01E52AD3C003C3E62 /* SDWebImageDownloaderOperation.m */; };
		350BB4E81E52AD3C003C3E62 /* SDWebImageManager.m in Sources */ = {isa = PBXBuildFile; fileRef = 350BB4B21E52AD3C003C3E62 /* SDWebImageManager.m */; };
		350BB4E91E52AD3C003C3E62 /* SDWebImagePrefetcher.m in Sources */ = {isa = PBXBuildFile; fileRef = 350BB4B51E52AD3C003C3E62 /* SDWebImagePrefetcher.m */; };
		350BB4EA1E52AD3C003C3E62 /* UIButton+WebCache.m in Sources */ = {isa = PBXBuildFile; fileRef = 350BB4B71E52AD3C003C3E62 /* UIButton+WebCache.m */; };
		350BB4EB1E52AD3C003C3E62 /* UIImage+GIF.m in Sources */ = {isa = PBXBuildFile; fileRef = 350BB4B91E52AD3C003C3E62 /* UIImage+GIF.m */; };
		350BB4EC1E52AD3C003C3E62 /* UIImage+MultiFormat.m in Sources */ = {isa = PBXBuildFile; fileRef = 350BB4BB1E52AD3C003C3E62 /* UIImage+MultiFormat.m */; };
		350BB4ED1E52AD3C003C3E62 /* UIImage+WebP.m in Sources */ = {isa = PBXBuildFile; fileRef = 350BB4BD1E52AD3C003C3E62 /* UIImage+WebP.m */; };
		350BB4EE1E52AD3C003C3E62 /* UIImageView+HighlightedWebCache.m in Sources */ = {isa = PBXBuildFile; fileRef = 350BB4BF1E52AD3C003C3E62 /* UIImageView+HighlightedWebCache.m */; };
		350BB4EF1E52AD3C003C3E62 /* UIImageView+WebCache.m in Sources */ = {isa = PBXBuildFile; fileRef = 350BB4C11E52AD3C003C3E62 /* UIImageView+WebCache.m */; };
		350BB4F01E52AD3C003C3E62 /* UIView+WebCacheOperation.m in Sources */ = {isa = PBXBuildFile; fileRef = 350BB4C31E52AD3C003C3E62 /* UIView+WebCacheOperation.m */; };
		350BB4F11E52AD3C003C3E62 /* placeholderImage.png in Resources */ = {isa = PBXBuildFile; fileRef = 350BB4C51E52AD3C003C3E62 /* placeholderImage.png */; };
		350BB4F21E52AD3C003C3E62 /* ZYPhotoBrowser.m in Sources */ = {isa = PBXBuildFile; fileRef = 350BB4C81E52AD3C003C3E62 /* ZYPhotoBrowser.m */; };
		350BB4F31E52AD3C003C3E62 /* ZYPhotoBrowserView.m in Sources */ = {isa = PBXBuildFile; fileRef = 350BB4CB1E52AD3C003C3E62 /* ZYPhotoBrowserView.m */; };
		350BB4F41E52AD3C003C3E62 /* ZYPhotoCollectionView.m in Sources */ = {isa = PBXBuildFile; fileRef = 350BB4CD1E52AD3C003C3E62 /* ZYPhotoCollectionView.m */; };
		350BB4F51E52AD3C003C3E62 /* ZYPhotoCollectionViewCell.m in Sources */ = {isa = PBXBuildFile; fileRef = 350BB4CF1E52AD3C003C3E62 /* ZYPhotoCollectionViewCell.m */; };
		350BB4F61E52AD3C003C3E62 /* ZYPhotoModel.m in Sources */ = {isa = PBXBuildFile; fileRef = 350BB4D11E52AD3C003C3E62 /* ZYPhotoModel.m */; };
		350BB4F71E52AD3C003C3E62 /* ZYWaitingView.m in Sources */ = {isa = PBXBuildFile; fileRef = 350BB4D31E52AD3C003C3E62 /* ZYWaitingView.m */; };
		354E7B141CBF3F0600D9F030 /* main.m in Sources */ = {isa = PBXBuildFile; fileRef = 354E7B131CBF3F0600D9F030 /* main.m */; };
		354E7B171CBF3F0600D9F030 /* AppDelegate.m in Sources */ = {isa = PBXBuildFile; fileRef = 354E7B161CBF3F0600D9F030 /* AppDelegate.m */; };
		354E7B1A1CBF3F0600D9F030 /* ViewController.m in Sources */ = {isa = PBXBuildFile; fileRef = 354E7B191CBF3F0600D9F030 /* ViewController.m */; };
		354E7B1D1CBF3F0600D9F030 /* Main.storyboard in Resources */ = {isa = PBXBuildFile; fileRef = 354E7B1B1CBF3F0600D9F030 /* Main.storyboard */; };
		354E7B1F1CBF3F0600D9F030 /* Assets.xcassets in Resources */ = {isa = PBXBuildFile; fileRef = 354E7B1E1CBF3F0600D9F030 /* Assets.xcassets */; };
		354E7B221CBF3F0600D9F030 /* LaunchScreen.storyboard in Resources */ = {isa = PBXBuildFile; fileRef = 354E7B201CBF3F0600D9F030 /* LaunchScreen.storyboard */; };
		354E7B2D1CBF3F0600D9F030 /* ZYPhotoBrowserDemoTests.m in Sources */ = {isa = PBXBuildFile; fileRef = 354E7B2C1CBF3F0600D9F030 /* ZYPhotoBrowserDemoTests.m */; };
		354E7B381CBF3F0600D9F030 /* ZYPhotoBrowserDemoUITests.m in Sources */ = {isa = PBXBuildFile; fileRef = 354E7B371CBF3F0600D9F030 /* ZYPhotoBrowserDemoUITests.m */; };
/* End PBXBuildFile section */

/* Begin PBXContainerItemProxy section */
		354E7B291CBF3F0600D9F030 /* PBXContainerItemProxy */ = {
			isa = PBXContainerItemProxy;
			containerPortal = 354E7B071CBF3F0600D9F030 /* Project object */;
			proxyType = 1;
			remoteGlobalIDString = 354E7B0E1CBF3F0600D9F030;
			remoteInfo = ZYPhotoBrowserDemo;
		};
		354E7B341CBF3F0600D9F030 /* PBXContainerItemProxy */ = {
			isa = PBXContainerItemProxy;
			containerPortal = 354E7B071CBF3F0600D9F030 /* Project object */;
			proxyType = 1;
			remoteGlobalIDString = 354E7B0E1CBF3F0600D9F030;
			remoteInfo = ZYPhotoBrowserDemo;
		};
/* End PBXContainerItemProxy section */

/* Begin PBXFileReference section */
		350BB4841E52AD3C003C3E62 /* Info.plist */ = {isa = PBXFileReference; fileEncoding = 4; lastKnownFileType = text.plist.xml; path = Info.plist; sourceTree = "<group>"; };
		350BB4851E52AD3C003C3E62 /* MASCompositeConstraint.h */ = {isa = PBXFileReference; fileEncoding = 4; lastKnownFileType = sourcecode.c.h; path = MASCompositeConstraint.h; sourceTree = "<group>"; };
		350BB4861E52AD3C003C3E62 /* MASCompositeConstraint.m */ = {isa = PBXFileReference; fileEncoding = 4; lastKnownFileType = sourcecode.c.objc; path = MASCompositeConstraint.m; sourceTree = "<group>"; };
		350BB4871E52AD3C003C3E62 /* MASConstraint+Private.h */ = {isa = PBXFileReference; fileEncoding = 4; lastKnownFileType = sourcecode.c.h; path = "MASConstraint+Private.h"; sourceTree = "<group>"; };
		350BB4881E52AD3C003C3E62 /* MASConstraint.h */ = {isa = PBXFileReference; fileEncoding = 4; lastKnownFileType = sourcecode.c.h; path = MASConstraint.h; sourceTree = "<group>"; };
		350BB4891E52AD3C003C3E62 /* MASConstraint.m */ = {isa = PBXFileReference; fileEncoding = 4; lastKnownFileType = sourcecode.c.objc; path = MASConstraint.m; sourceTree = "<group>"; };
		350BB48A1E52AD3C003C3E62 /* MASConstraintMaker.h */ = {isa = PBXFileReference; fileEncoding = 4; lastKnownFileType = sourcecode.c.h; path = MASConstraintMaker.h; sourceTree = "<group>"; };
		350BB48B1E52AD3C003C3E62 /* MASConstraintMaker.m */ = {isa = PBXFileReference; fileEncoding = 4; lastKnownFileType = sourcecode.c.objc; path = MASConstraintMaker.m; sourceTree = "<group>"; };
		350BB48C1E52AD3C003C3E62 /* MASLayoutConstraint.h */ = {isa = PBXFileReference; fileEncoding = 4; lastKnownFileType = sourcecode.c.h; path = MASLayoutConstraint.h; sourceTree = "<group>"; };
		350BB48D1E52AD3C003C3E62 /* MASLayoutConstraint.m */ = {isa = PBXFileReference; fileEncoding = 4; lastKnownFileType = sourcecode.c.objc; path = MASLayoutConstraint.m; sourceTree = "<group>"; };
		350BB48E1E52AD3C003C3E62 /* Masonry.h */ = {isa = PBXFileReference; fileEncoding = 4; lastKnownFileType = sourcecode.c.h; path = Masonry.h; sourceTree = "<group>"; };
		350BB48F1E52AD3C003C3E62 /* MASUtilities.h */ = {isa = PBXFileReference; fileEncoding = 4; lastKnownFileType = sourcecode.c.h; path = MASUtilities.h; sourceTree = "<group>"; };
		350BB4901E52AD3C003C3E62 /* MASViewAttribute.h */ = {isa = PBXFileReference; fileEncoding = 4; lastKnownFileType = sourcecode.c.h; path = MASViewAttribute.h; sourceTree = "<group>"; };
		350BB4911E52AD3C003C3E62 /* MASViewAttribute.m */ = {isa = PBXFileReference; fileEncoding = 4; lastKnownFileType = sourcecode.c.objc; path = MASViewAttribute.m; sourceTree = "<group>"; };
		350BB4921E52AD3C003C3E62 /* MASViewConstraint.h */ = {isa = PBXFileReference; fileEncoding = 4; lastKnownFileType = sourcecode.c.h; path = MASViewConstraint.h; sourceTree = "<group>"; };
		350BB4931E52AD3C003C3E62 /* MASViewConstraint.m */ = {isa = PBXFileReference; fileEncoding = 4; lastKnownFileType = sourcecode.c.objc; path = MASViewConstraint.m; sourceTree = "<group>"; };
		350BB4941E52AD3C003C3E62 /* NSArray+MASAdditions.h */ = {isa = PBXFileReference; fileEncoding = 4; lastKnownFileType = sourcecode.c.h; path = "NSArray+MASAdditions.h"; sourceTree = "<group>"; };
		350BB4951E52AD3C003C3E62 /* NSArray+MASAdditions.m */ = {isa = PBXFileReference; fileEncoding = 4; lastKnownFileType = sourcecode.c.objc; path = "NSArray+MASAdditions.m"; sourceTree = "<group>"; };
		350BB4961E52AD3C003C3E62 /* NSArray+MASShorthandAdditions.h */ = {isa = PBXFileReference; fileEncoding = 4; lastKnownFileType = sourcecode.c.h; path = "NSArray+MASShorthandAdditions.h"; sourceTree = "<group>"; };
		350BB4971E52AD3C003C3E62 /* NSLayoutConstraint+MASDebugAdditions.h */ = {isa = PBXFileReference; fileEncoding = 4; lastKnownFileType = sourcecode.c.h; path = "NSLayoutConstraint+MASDebugAdditions.h"; sourceTree = "<group>"; };
		350BB4981E52AD3C003C3E62 /* NSLayoutConstraint+MASDebugAdditions.m */ = {isa = PBXFileReference; fileEncoding = 4; lastKnownFileType = sourcecode.c.objc; path = "NSLayoutConstraint+MASDebugAdditions.m"; sourceTree = "<group>"; };
		350BB4991E52AD3C003C3E62 /* View+MASAdditions.h */ = {isa = PBXFileReference; fileEncoding = 4; lastKnownFileType = sourcecode.c.h; path = "View+MASAdditions.h"; sourceTree = "<group>"; };
		350BB49A1E52AD3C003C3E62 /* View+MASAdditions.m */ = {isa = PBXFileReference; fileEncoding = 4; lastKnownFileType = sourcecode.c.objc; path = "View+MASAdditions.m"; sourceTree = "<group>"; };
		350BB49B1E52AD3C003C3E62 /* View+MASShorthandAdditions.h */ = {isa = PBXFileReference; fileEncoding = 4; lastKnownFileType = sourcecode.c.h; path = "View+MASShorthandAdditions.h"; sourceTree = "<group>"; };
		350BB49C1E52AD3C003C3E62 /* ViewController+MASAdditions.h */ = {isa = PBXFileReference; fileEncoding = 4; lastKnownFileType = sourcecode.c.h; path = "ViewController+MASAdditions.h"; sourceTree = "<group>"; };
		350BB49D1E52AD3C003C3E62 /* ViewController+MASAdditions.m */ = {isa = PBXFileReference; fileEncoding = 4; lastKnownFileType = sourcecode.c.objc; path = "ViewController+MASAdditions.m"; sourceTree = "<group>"; };
		350BB49F1E52AD3C003C3E62 /* MBProgressHUD.bundle */ = {isa = PBXFileReference; lastKnownFileType = "wrapper.plug-in"; path = MBProgressHUD.bundle; sourceTree = "<group>"; };
		350BB4A01E52AD3C003C3E62 /* MBProgressHUD.h */ = {isa = PBXFileReference; fileEncoding = 4; lastKnownFileType = sourcecode.c.h; path = MBProgressHUD.h; sourceTree = "<group>"; };
		350BB4A11E52AD3C003C3E62 /* MBProgressHUD.m */ = {isa = PBXFileReference; fileEncoding = 4; lastKnownFileType = sourcecode.c.objc; path = MBProgressHUD.m; sourceTree = "<group>"; };
		350BB4A31E52AD3C003C3E62 /* MKAnnotationView+WebCache.h */ = {isa = PBXFileReference; fileEncoding = 4; lastKnownFileType = sourcecode.c.h; path = "MKAnnotationView+WebCache.h"; sourceTree = "<group>"; };
		350BB4A41E52AD3C003C3E62 /* MKAnnotationView+WebCache.m */ = {isa = PBXFileReference; fileEncoding = 4; lastKnownFileType = sourcecode.c.objc; path = "MKAnnotationView+WebCache.m"; sourceTree = "<group>"; };
		350BB4A51E52AD3C003C3E62 /* NSData+ImageContentType.h */ = {isa = PBXFileReference; fileEncoding = 4; lastKnownFileType = sourcecode.c.h; path = "NSData+ImageContentType.h"; sourceTree = "<group>"; };
		350BB4A61E52AD3C003C3E62 /* NSData+ImageContentType.m */ = {isa = PBXFileReference; fileEncoding = 4; lastKnownFileType = sourcecode.c.objc; path = "NSData+ImageContentType.m"; sourceTree = "<group>"; };
		350BB4A71E52AD3C003C3E62 /* SDImageCache.h */ = {isa = PBXFileReference; fileEncoding = 4; lastKnownFileType = sourcecode.c.h; path = SDImageCache.h; sourceTree = "<group>"; };
		350BB4A81E52AD3C003C3E62 /* SDImageCache.m */ = {isa = PBXFileReference; fileEncoding = 4; lastKnownFileType = sourcecode.c.objc; path = SDImageCache.m; sourceTree = "<group>"; };
		350BB4A91E52AD3C003C3E62 /* SDWebImageCompat.h */ = {isa = PBXFileReference; fileEncoding = 4; lastKnownFileType = sourcecode.c.h; path = SDWebImageCompat.h; sourceTree = "<group>"; };
		350BB4AA1E52AD3C003C3E62 /* SDWebImageCompat.m */ = {isa = PBXFileReference; fileEncoding = 4; lastKnownFileType = sourcecode.c.objc; path = SDWebImageCompat.m; sourceTree = "<group>"; };
		350BB4AB1E52AD3C003C3E62 /* SDWebImageDecoder.h */ = {isa = PBXFileReference; fileEncoding = 4; lastKnownFileType = sourcecode.c.h; path = SDWebImageDecoder.h; sourceTree = "<group>"; };
		350BB4AC1E52AD3C003C3E62 /* SDWebImageDecoder.m */ = {isa = PBXFileReference; fileEncoding = 4; lastKnownFileType = sourcecode.c.objc; path = SDWebImageDecoder.m; sourceTree = "<group>"; };
		350BB4AD1E52AD3C003C3E62 /* SDWebImageDownloader.h */ = {isa = PBXFileReference; fileEncoding = 4; lastKnownFileType = sourcecode.c.h; path = SDWebImageDownloader.h; sourceTree = "<group>"; };
		350BB4AE1E52AD3C003C3E62 /* SDWebImageDownloader.m */ = {isa = PBXFileReference; fileEncoding = 4; lastKnownFileType = sourcecode.c.objc; path = SDWebImageDownloader.m; sourceTree = "<group>"; };
		350BB4AF1E52AD3C003C3E62 /* SDWebImageDownloaderOperation.h */ = {isa = PBXFileReference; fileEncoding = 4; lastKnownFileType = sourcecode.c.h; path = SDWebImageDownloaderOperation.h; sourceTree = "<group>"; };
		350BB4B01E52AD3C003C3E62 /* SDWebImageDownloaderOperation.m */ = {isa = PBXFileReference; fileEncoding = 4; lastKnownFileType = sourcecode.c.objc; path = SDWebImageDownloaderOperation.m; sourceTree = "<group>"; };
		350BB4B11E52AD3C003C3E62 /* SDWebImageManager.h */ = {isa = PBXFileReference; fileEncoding = 4; lastKnownFileType = sourcecode.c.h; path = SDWebImageManager.h; sourceTree = "<group>"; };
		350BB4B21E52AD3C003C3E62 /* SDWebImageManager.m */ = {isa = PBXFileReference; fileEncoding = 4; lastKnownFileType = sourcecode.c.objc; path = SDWebImageManager.m; sourceTree = "<group>"; };
		350BB4B31E52AD3C003C3E62 /* SDWebImageOperation.h */ = {isa = PBXFileReference; fileEncoding = 4; lastKnownFileType = sourcecode.c.h; path = SDWebImageOperation.h; sourceTree = "<group>"; };
		350BB4B41E52AD3C003C3E62 /* SDWebImagePrefetcher.h */ = {isa = PBXFileReference; fileEncoding = 4; lastKnownFileType = sourcecode.c.h; path = SDWebImagePrefetcher.h; sourceTree = "<group>"; };
		350BB4B51E52AD3C003C3E62 /* SDWebImagePrefetcher.m */ = {isa = PBXFileReference; fileEncoding = 4; lastKnownFileType = sourcecode.c.objc; path = SDWebImagePrefetcher.m; sourceTree = "<group>"; };
		350BB4B61E52AD3C003C3E62 /* UIButton+WebCache.h */ = {isa = PBXFileReference; fileEncoding = 4; lastKnownFileType = sourcecode.c.h; path = "UIButton+WebCache.h"; sourceTree = "<group>"; };
		350BB4B71E52AD3C003C3E62 /* UIButton+WebCache.m */ = {isa = PBXFileReference; fileEncoding = 4; lastKnownFileType = sourcecode.c.objc; path = "UIButton+WebCache.m"; sourceTree = "<group>"; };
		350BB4B81E52AD3C003C3E62 /* UIImage+GIF.h */ = {isa = PBXFileReference; fileEncoding = 4; lastKnownFileType = sourcecode.c.h; path = "UIImage+GIF.h"; sourceTree = "<group>"; };
		350BB4B91E52AD3C003C3E62 /* UIImage+GIF.m */ = {isa = PBXFileReference; fileEncoding = 4; lastKnownFileType = sourcecode.c.objc; path = "UIImage+GIF.m"; sourceTree = "<group>"; };
		350BB4BA1E52AD3C003C3E62 /* UIImage+MultiFormat.h */ = {isa = PBXFileReference; fileEncoding = 4; lastKnownFileType = sourcecode.c.h; path = "UIImage+MultiFormat.h"; sourceTree = "<group>"; };
		350BB4BB1E52AD3C003C3E62 /* UIImage+MultiFormat.m */ = {isa = PBXFileReference; fileEncoding = 4; lastKnownFileType = sourcecode.c.objc; path = "UIImage+MultiFormat.m"; sourceTree = "<group>"; };
		350BB4BC1E52AD3C003C3E62 /* UIImage+WebP.h */ = {isa = PBXFileReference; fileEncoding = 4; lastKnownFileType = sourcecode.c.h; path = "UIImage+WebP.h"; sourceTree = "<group>"; };
		350BB4BD1E52AD3C003C3E62 /* UIImage+WebP.m */ = {isa = PBXFileReference; fileEncoding = 4; lastKnownFileType = sourcecode.c.objc; path = "UIImage+WebP.m"; sourceTree = "<group>"; };
		350BB4BE1E52AD3C003C3E62 /* UIImageView+HighlightedWebCache.h */ = {isa = PBXFileReference; fileEncoding = 4; lastKnownFileType = sourcecode.c.h; path = "UIImageView+HighlightedWebCache.h"; sourceTree = "<group>"; };
		350BB4BF1E52AD3C003C3E62 /* UIImageView+HighlightedWebCache.m */ = {isa = PBXFileReference; fileEncoding = 4; lastKnownFileType = sourcecode.c.objc; path = "UIImageView+HighlightedWebCache.m"; sourceTree = "<group>"; };
		350BB4C01E52AD3C003C3E62 /* UIImageView+WebCache.h */ = {isa = PBXFileReference; fileEncoding = 4; lastKnownFileType = sourcecode.c.h; path = "UIImageView+WebCache.h"; sourceTree = "<group>"; };
		350BB4C11E52AD3C003C3E62 /* UIImageView+WebCache.m */ = {isa = PBXFileReference; fileEncoding = 4; lastKnownFileType = sourcecode.c.objc; path = "UIImageView+WebCache.m"; sourceTree = "<group>"; };
		350BB4C21E52AD3C003C3E62 /* UIView+WebCacheOperation.h */ = {isa = PBXFileReference; fileEncoding = 4; lastKnownFileType = sourcecode.c.h; path = "UIView+WebCacheOperation.h"; sourceTree = "<group>"; };
		350BB4C31E52AD3C003C3E62 /* UIView+WebCacheOperation.m */ = {isa = PBXFileReference; fileEncoding = 4; lastKnownFileType = sourcecode.c.objc; path = "UIView+WebCacheOperation.m"; sourceTree = "<group>"; };
		350BB4C51E52AD3C003C3E62 /* placeholderImage.png */ = {isa = PBXFileReference; lastKnownFileType = image.png; path = placeholderImage.png; sourceTree = "<group>"; };
		350BB4C61E52AD3C003C3E62 /* ZYPhoto.h */ = {isa = PBXFileReference; fileEncoding = 4; lastKnownFileType = sourcecode.c.h; path = ZYPhoto.h; sourceTree = "<group>"; };
		350BB4C71E52AD3C003C3E62 /* ZYPhotoBrowser.h */ = {isa = PBXFileReference; fileEncoding = 4; lastKnownFileType = sourcecode.c.h; path = ZYPhotoBrowser.h; sourceTree = "<group>"; };
		350BB4C81E52AD3C003C3E62 /* ZYPhotoBrowser.m */ = {isa = PBXFileReference; fileEncoding = 4; lastKnownFileType = sourcecode.c.objc; path = ZYPhotoBrowser.m; sourceTree = "<group>"; };
		350BB4C91E52AD3C003C3E62 /* ZYPhotoBrowserConfig.h */ = {isa = PBXFileReference; fileEncoding = 4; lastKnownFileType = sourcecode.c.h; path = ZYPhotoBrowserConfig.h; sourceTree = "<group>"; };
		350BB4CA1E52AD3C003C3E62 /* ZYPhotoBrowserView.h */ = {isa = PBXFileReference; fileEncoding = 4; lastKnownFileType = sourcecode.c.h; path = ZYPhotoBrowserView.h; sourceTree = "<group>"; };
		350BB4CB1E52AD3C003C3E62 /* ZYPhotoBrowserView.m */ = {isa = PBXFileReference; fileEncoding = 4; lastKnownFileType = sourcecode.c.objc; path = ZYPhotoBrowserView.m; sourceTree = "<group>"; };
		350BB4CC1E52AD3C003C3E62 /* ZYPhotoCollectionView.h */ = {isa = PBXFileReference; fileEncoding = 4; lastKnownFileType = sourcecode.c.h; path = ZYPhotoCollectionView.h; sourceTree = "<group>"; };
		350BB4CD1E52AD3C003C3E62 /* ZYPhotoCollectionView.m */ = {isa = PBXFileReference; fileEncoding = 4; lastKnownFileType = sourcecode.c.objc; path = ZYPhotoCollectionView.m; sourceTree = "<group>"; };
		350BB4CE1E52AD3C003C3E62 /* ZYPhotoCollectionViewCell.h */ = {isa = PBXFileReference; fileEncoding = 4; lastKnownFileType = sourcecode.c.h; path = ZYPhotoCollectionViewCell.h; sourceTree = "<group>"; };
		350BB4CF1E52AD3C003C3E62 /* ZYPhotoCollectionViewCell.m */ = {isa = PBXFileReference; fileEncoding = 4; lastKnownFileType = sourcecode.c.objc; path = ZYPhotoCollectionViewCell.m; sourceTree = "<group>"; };
		350BB4D01E52AD3C003C3E62 /* ZYPhotoModel.h */ = {isa = PBXFileReference; fileEncoding = 4; lastKnownFileType = sourcecode.c.h; path = ZYPhotoModel.h; sourceTree = "<group>"; };
		350BB4D11E52AD3C003C3E62 /* ZYPhotoModel.m */ = {isa = PBXFileReference; fileEncoding = 4; lastKnownFileType = sourcecode.c.objc; path = ZYPhotoModel.m; sourceTree = "<group>"; };
		350BB4D21E52AD3C003C3E62 /* ZYWaitingView.h */ = {isa = PBXFileReference; fileEncoding = 4; lastKnownFileType = sourcecode.c.h; path = ZYWaitingView.h; sourceTree = "<group>"; };
		350BB4D31E52AD3C003C3E62 /* ZYWaitingView.m */ = {isa = PBXFileReference; fileEncoding = 4; lastKnownFileType = sourcecode.c.objc; path = ZYWaitingView.m; sourceTree = "<group>"; };
		354E7B0F1CBF3F0600D9F030 /* ZYPhotoBrowserDemo.app */ = {isa = PBXFileReference; explicitFileType = wrapper.application; includeInIndex = 0; path = ZYPhotoBrowserDemo.app; sourceTree = BUILT_PRODUCTS_DIR; };
		354E7B131CBF3F0600D9F030 /* main.m */ = {isa = PBXFileReference; lastKnownFileType = sourcecode.c.objc; path = main.m; sourceTree = "<group>"; };
		354E7B151CBF3F0600D9F030 /* AppDelegate.h */ = {isa = PBXFileReference; lastKnownFileType = sourcecode.c.h; path = AppDelegate.h; sourceTree = "<group>"; };
		354E7B161CBF3F0600D9F030 /* AppDelegate.m */ = {isa = PBXFileReference; lastKnownFileType = sourcecode.c.objc; path = AppDelegate.m; sourceTree = "<group>"; };
		354E7B181CBF3F0600D9F030 /* ViewController.h */ = {isa = PBXFileReference; lastKnownFileType = sourcecode.c.h; path = ViewController.h; sourceTree = "<group>"; };
		354E7B191CBF3F0600D9F030 /* ViewController.m */ = {isa = PBXFileReference; lastKnownFileType = sourcecode.c.objc; path = ViewController.m; sourceTree = "<group>"; };
		354E7B1C1CBF3F0600D9F030 /* Base */ = {isa = PBXFileReference; lastKnownFileType = file.storyboard; name = Base; path = Base.lproj/Main.storyboard; sourceTree = "<group>"; };
		354E7B1E1CBF3F0600D9F030 /* Assets.xcassets */ = {isa = PBXFileReference; lastKnownFileType = folder.assetcatalog; path = Assets.xcassets; sourceTree = "<group>"; };
		354E7B211CBF3F0600D9F030 /* Base */ = {isa = PBXFileReference; lastKnownFileType = file.storyboard; name = Base; path = Base.lproj/LaunchScreen.storyboard; sourceTree = "<group>"; };
		354E7B231CBF3F0600D9F030 /* Info.plist */ = {isa = PBXFileReference; lastKnownFileType = text.plist.xml; path = Info.plist; sourceTree = "<group>"; };
		354E7B281CBF3F0600D9F030 /* ZYPhotoBrowserDemoTests.xctest */ = {isa = PBXFileReference; explicitFileType = wrapper.cfbundle; includeInIndex = 0; path = ZYPhotoBrowserDemoTests.xctest; sourceTree = BUILT_PRODUCTS_DIR; };
		354E7B2C1CBF3F0600D9F030 /* ZYPhotoBrowserDemoTests.m */ = {isa = PBXFileReference; lastKnownFileType = sourcecode.c.objc; path = ZYPhotoBrowserDemoTests.m; sourceTree = "<group>"; };
		354E7B2E1CBF3F0600D9F030 /* Info.plist */ = {isa = PBXFileReference; lastKnownFileType = text.plist.xml; path = Info.plist; sourceTree = "<group>"; };
		354E7B331CBF3F0600D9F030 /* ZYPhotoBrowserDemoUITests.xctest */ = {isa = PBXFileReference; explicitFileType = wrapper.cfbundle; includeInIndex = 0; path = ZYPhotoBrowserDemoUITests.xctest; sourceTree = BUILT_PRODUCTS_DIR; };
		354E7B371CBF3F0600D9F030 /* ZYPhotoBrowserDemoUITests.m */ = {isa = PBXFileReference; lastKnownFileType = sourcecode.c.objc; path = ZYPhotoBrowserDemoUITests.m; sourceTree = "<group>"; };
		354E7B391CBF3F0600D9F030 /* Info.plist */ = {isa = PBXFileReference; lastKnownFileType = text.plist.xml; path = Info.plist; sourceTree = "<group>"; };
/* End PBXFileReference section */

/* Begin PBXFrameworksBuildPhase section */
		354E7B0C1CBF3F0600D9F030 /* Frameworks */ = {
			isa = PBXFrameworksBuildPhase;
			buildActionMask = 2147483647;
			files = (
			);
			runOnlyForDeploymentPostprocessing = 0;
		};
		354E7B251CBF3F0600D9F030 /* Frameworks */ = {
			isa = PBXFrameworksBuildPhase;
			buildActionMask = 2147483647;
			files = (
			);
			runOnlyForDeploymentPostprocessing = 0;
		};
		354E7B301CBF3F0600D9F030 /* Frameworks */ = {
			isa = PBXFrameworksBuildPhase;
			buildActionMask = 2147483647;
			files = (
			);
			runOnlyForDeploymentPostprocessing = 0;
		};
/* End PBXFrameworksBuildPhase section */

/* Begin PBXGroup section */
		350BB4821E52AD3C003C3E62 /* Libary */ = {
			isa = PBXGroup;
			children = (
				350BB4831E52AD3C003C3E62 /* Masonry */,
				350BB49E1E52AD3C003C3E62 /* MBProgressHUD */,
				350BB4A21E52AD3C003C3E62 /* SDWebImage */,
			);
			path = Libary;
			sourceTree = "<group>";
		};
		350BB4831E52AD3C003C3E62 /* Masonry */ = {
			isa = PBXGroup;
			children = (
				350BB4841E52AD3C003C3E62 /* Info.plist */,
				350BB4851E52AD3C003C3E62 /* MASCompositeConstraint.h */,
				350BB4861E52AD3C003C3E62 /* MASCompositeConstraint.m */,
				350BB4871E52AD3C003C3E62 /* MASConstraint+Private.h */,
				350BB4881E52AD3C003C3E62 /* MASConstraint.h */,
				350BB4891E52AD3C003C3E62 /* MASConstraint.m */,
				350BB48A1E52AD3C003C3E62 /* MASConstraintMaker.h */,
				350BB48B1E52AD3C003C3E62 /* MASConstraintMaker.m */,
				350BB48C1E52AD3C003C3E62 /* MASLayoutConstraint.h */,
				350BB48D1E52AD3C003C3E62 /* MASLayoutConstraint.m */,
				350BB48E1E52AD3C003C3E62 /* Masonry.h */,
				350BB48F1E52AD3C003C3E62 /* MASUtilities.h */,
				350BB4901E52AD3C003C3E62 /* MASViewAttribute.h */,
				350BB4911E52AD3C003C3E62 /* MASViewAttribute.m */,
				350BB4921E52AD3C003C3E62 /* MASViewConstraint.h */,
				350BB4931E52AD3C003C3E62 /* MASViewConstraint.m */,
				350BB4941E52AD3C003C3E62 /* NSArray+MASAdditions.h */,
				350BB4951E52AD3C003C3E62 /* NSArray+MASAdditions.m */,
				350BB4961E52AD3C003C3E62 /* NSArray+MASShorthandAdditions.h */,
				350BB4971E52AD3C003C3E62 /* NSLayoutConstraint+MASDebugAdditions.h */,
				350BB4981E52AD3C003C3E62 /* NSLayoutConstraint+MASDebugAdditions.m */,
				350BB4991E52AD3C003C3E62 /* View+MASAdditions.h */,
				350BB49A1E52AD3C003C3E62 /* View+MASAdditions.m */,
				350BB49B1E52AD3C003C3E62 /* View+MASShorthandAdditions.h */,
				350BB49C1E52AD3C003C3E62 /* ViewController+MASAdditions.h */,
				350BB49D1E52AD3C003C3E62 /* ViewController+MASAdditions.m */,
			);
			path = Masonry;
			sourceTree = "<group>";
		};
		350BB49E1E52AD3C003C3E62 /* MBProgressHUD */ = {
			isa = PBXGroup;
			children = (
				350BB49F1E52AD3C003C3E62 /* MBProgressHUD.bundle */,
				350BB4A01E52AD3C003C3E62 /* MBProgressHUD.h */,
				350BB4A11E52AD3C003C3E62 /* MBProgressHUD.m */,
			);
			path = MBProgressHUD;
			sourceTree = "<group>";
		};
		350BB4A21E52AD3C003C3E62 /* SDWebImage */ = {
			isa = PBXGroup;
			children = (
				350BB4A31E52AD3C003C3E62 /* MKAnnotationView+WebCache.h */,
				350BB4A41E52AD3C003C3E62 /* MKAnnotationView+WebCache.m */,
				350BB4A51E52AD3C003C3E62 /* NSData+ImageContentType.h */,
				350BB4A61E52AD3C003C3E62 /* NSData+ImageContentType.m */,
				350BB4A71E52AD3C003C3E62 /* SDImageCache.h */,
				350BB4A81E52AD3C003C3E62 /* SDImageCache.m */,
				350BB4A91E52AD3C003C3E62 /* SDWebImageCompat.h */,
				350BB4AA1E52AD3C003C3E62 /* SDWebImageCompat.m */,
				350BB4AB1E52AD3C003C3E62 /* SDWebImageDecoder.h */,
				350BB4AC1E52AD3C003C3E62 /* SDWebImageDecoder.m */,
				350BB4AD1E52AD3C003C3E62 /* SDWebImageDownloader.h */,
				350BB4AE1E52AD3C003C3E62 /* SDWebImageDownloader.m */,
				350BB4AF1E52AD3C003C3E62 /* SDWebImageDownloaderOperation.h */,
				350BB4B01E52AD3C003C3E62 /* SDWebImageDownloaderOperation.m */,
				350BB4B11E52AD3C003C3E62 /* SDWebImageManager.h */,
				350BB4B21E52AD3C003C3E62 /* SDWebImageManager.m */,
				350BB4B31E52AD3C003C3E62 /* SDWebImageOperation.h */,
				350BB4B41E52AD3C003C3E62 /* SDWebImagePrefetcher.h */,
				350BB4B51E52AD3C003C3E62 /* SDWebImagePrefetcher.m */,
				350BB4B61E52AD3C003C3E62 /* UIButton+WebCache.h */,
				350BB4B71E52AD3C003C3E62 /* UIButton+WebCache.m */,
				350BB4B81E52AD3C003C3E62 /* UIImage+GIF.h */,
				350BB4B91E52AD3C003C3E62 /* UIImage+GIF.m */,
				350BB4BA1E52AD3C003C3E62 /* UIImage+MultiFormat.h */,
				350BB4BB1E52AD3C003C3E62 /* UIImage+MultiFormat.m */,
				350BB4BC1E52AD3C003C3E62 /* UIImage+WebP.h */,
				350BB4BD1E52AD3C003C3E62 /* UIImage+WebP.m */,
				350BB4BE1E52AD3C003C3E62 /* UIImageView+HighlightedWebCache.h */,
				350BB4BF1E52AD3C003C3E62 /* UIImageView+HighlightedWebCache.m */,
				350BB4C01E52AD3C003C3E62 /* UIImageView+WebCache.h */,
				350BB4C11E52AD3C003C3E62 /* UIImageView+WebCache.m */,
				350BB4C21E52AD3C003C3E62 /* UIView+WebCacheOperation.h */,
				350BB4C31E52AD3C003C3E62 /* UIView+WebCacheOperation.m */,
			);
			path = SDWebImage;
			sourceTree = "<group>";
		};
		350BB4C41E52AD3C003C3E62 /* ZYPhotoBrowser */ = {
			isa = PBXGroup;
			children = (
				350BB4C51E52AD3C003C3E62 /* placeholderImage.png */,
				350BB4C61E52AD3C003C3E62 /* ZYPhoto.h */,
				350BB4C71E52AD3C003C3E62 /* ZYPhotoBrowser.h */,
				350BB4C81E52AD3C003C3E62 /* ZYPhotoBrowser.m */,
				350BB4C91E52AD3C003C3E62 /* ZYPhotoBrowserConfig.h */,
				350BB4CA1E52AD3C003C3E62 /* ZYPhotoBrowserView.h */,
				350BB4CB1E52AD3C003C3E62 /* ZYPhotoBrowserView.m */,
				350BB4CC1E52AD3C003C3E62 /* ZYPhotoCollectionView.h */,
				350BB4CD1E52AD3C003C3E62 /* ZYPhotoCollectionView.m */,
				350BB4CE1E52AD3C003C3E62 /* ZYPhotoCollectionViewCell.h */,
				350BB4CF1E52AD3C003C3E62 /* ZYPhotoCollectionViewCell.m */,
				350BB4D01E52AD3C003C3E62 /* ZYPhotoModel.h */,
				350BB4D11E52AD3C003C3E62 /* ZYPhotoModel.m */,
				350BB4D21E52AD3C003C3E62 /* ZYWaitingView.h */,
				350BB4D31E52AD3C003C3E62 /* ZYWaitingView.m */,
			);
			path = ZYPhotoBrowser;
			sourceTree = "<group>";
		};
		354E7B061CBF3F0600D9F030 = {
			isa = PBXGroup;
			children = (
				354E7B111CBF3F0600D9F030 /* ZYPhotoBrowserDemo */,
				354E7B2B1CBF3F0600D9F030 /* ZYPhotoBrowserDemoTests */,
				354E7B361CBF3F0600D9F030 /* ZYPhotoBrowserDemoUITests */,
				354E7B101CBF3F0600D9F030 /* Products */,
			);
			sourceTree = "<group>";
		};
		354E7B101CBF3F0600D9F030 /* Products */ = {
			isa = PBXGroup;
			children = (
				354E7B0F1CBF3F0600D9F030 /* ZYPhotoBrowserDemo.app */,
				354E7B281CBF3F0600D9F030 /* ZYPhotoBrowserDemoTests.xctest */,
				354E7B331CBF3F0600D9F030 /* ZYPhotoBrowserDemoUITests.xctest */,
			);
			name = Products;
			sourceTree = "<group>";
		};
		354E7B111CBF3F0600D9F030 /* ZYPhotoBrowserDemo */ = {
			isa = PBXGroup;
			children = (
				350BB4821E52AD3C003C3E62 /* Libary */,
				350BB4C41E52AD3C003C3E62 /* ZYPhotoBrowser */,
				354E7B151CBF3F0600D9F030 /* AppDelegate.h */,
				354E7B161CBF3F0600D9F030 /* AppDelegate.m */,
				354E7B181CBF3F0600D9F030 /* ViewController.h */,
				354E7B191CBF3F0600D9F030 /* ViewController.m */,
				354E7B1B1CBF3F0600D9F030 /* Main.storyboard */,
				354E7B1E1CBF3F0600D9F030 /* Assets.xcassets */,
				354E7B201CBF3F0600D9F030 /* LaunchScreen.storyboard */,
				354E7B231CBF3F0600D9F030 /* Info.plist */,
				354E7B121CBF3F0600D9F030 /* Supporting Files */,
			);
			path = ZYPhotoBrowserDemo;
			sourceTree = "<group>";
		};
		354E7B121CBF3F0600D9F030 /* Supporting Files */ = {
			isa = PBXGroup;
			children = (
				354E7B131CBF3F0600D9F030 /* main.m */,
			);
			name = "Supporting Files";
			sourceTree = "<group>";
		};
		354E7B2B1CBF3F0600D9F030 /* ZYPhotoBrowserDemoTests */ = {
			isa = PBXGroup;
			children = (
				354E7B2C1CBF3F0600D9F030 /* ZYPhotoBrowserDemoTests.m */,
				354E7B2E1CBF3F0600D9F030 /* Info.plist */,
			);
			path = ZYPhotoBrowserDemoTests;
			sourceTree = "<group>";
		};
		354E7B361CBF3F0600D9F030 /* ZYPhotoBrowserDemoUITests */ = {
			isa = PBXGroup;
			children = (
				354E7B371CBF3F0600D9F030 /* ZYPhotoBrowserDemoUITests.m */,
				354E7B391CBF3F0600D9F030 /* Info.plist */,
			);
			path = ZYPhotoBrowserDemoUITests;
			sourceTree = "<group>";
		};
/* End PBXGroup section */

/* Begin PBXNativeTarget section */
		354E7B0E1CBF3F0600D9F030 /* ZYPhotoBrowserDemo */ = {
			isa = PBXNativeTarget;
			buildConfigurationList = 354E7B3C1CBF3F0600D9F030 /* Build configuration list for PBXNativeTarget "ZYPhotoBrowserDemo" */;
			buildPhases = (
				354E7B0B1CBF3F0600D9F030 /* Sources */,
				354E7B0C1CBF3F0600D9F030 /* Frameworks */,
				354E7B0D1CBF3F0600D9F030 /* Resources */,
			);
			buildRules = (
			);
			dependencies = (
			);
			name = ZYPhotoBrowserDemo;
			productName = ZYPhotoBrowserDemo;
			productReference = 354E7B0F1CBF3F0600D9F030 /* ZYPhotoBrowserDemo.app */;
			productType = "com.apple.product-type.application";
		};
		354E7B271CBF3F0600D9F030 /* ZYPhotoBrowserDemoTests */ = {
			isa = PBXNativeTarget;
			buildConfigurationList = 354E7B3F1CBF3F0600D9F030 /* Build configuration list for PBXNativeTarget "ZYPhotoBrowserDemoTests" */;
			buildPhases = (
				354E7B241CBF3F0600D9F030 /* Sources */,
				354E7B251CBF3F0600D9F030 /* Frameworks */,
				354E7B261CBF3F0600D9F030 /* Resources */,
			);
			buildRules = (
			);
			dependencies = (
				354E7B2A1CBF3F0600D9F030 /* PBXTargetDependency */,
			);
			name = ZYPhotoBrowserDemoTests;
			productName = ZYPhotoBrowserDemoTests;
			productReference = 354E7B281CBF3F0600D9F030 /* ZYPhotoBrowserDemoTests.xctest */;
			productType = "com.apple.product-type.bundle.unit-test";
		};
		354E7B321CBF3F0600D9F030 /* ZYPhotoBrowserDemoUITests */ = {
			isa = PBXNativeTarget;
			buildConfigurationList = 354E7B421CBF3F0600D9F030 /* Build configuration list for PBXNativeTarget "ZYPhotoBrowserDemoUITests" */;
			buildPhases = (
				354E7B2F1CBF3F0600D9F030 /* Sources */,
				354E7B301CBF3F0600D9F030 /* Frameworks */,
				354E7B311CBF3F0600D9F030 /* Resources */,
			);
			buildRules = (
			);
			dependencies = (
				354E7B351CBF3F0600D9F030 /* PBXTargetDependency */,
			);
			name = ZYPhotoBrowserDemoUITests;
			productName = ZYPhotoBrowserDemoUITests;
			productReference = 354E7B331CBF3F0600D9F030 /* ZYPhotoBrowserDemoUITests.xctest */;
			productType = "com.apple.product-type.bundle.ui-testing";
		};
/* End PBXNativeTarget section */

/* Begin PBXProject section */
		354E7B071CBF3F0600D9F030 /* Project object */ = {
			isa = PBXProject;
			attributes = {
				LastUpgradeCheck = 0720;
				ORGANIZATIONNAME = ZhiYong_Huang;
				TargetAttributes = {
					354E7B0E1CBF3F0600D9F030 = {
						CreatedOnToolsVersion = 7.2;
						DevelopmentTeam = 49QZ97R8R2;
					};
					354E7B271CBF3F0600D9F030 = {
						CreatedOnToolsVersion = 7.2;
						TestTargetID = 354E7B0E1CBF3F0600D9F030;
					};
					354E7B321CBF3F0600D9F030 = {
						CreatedOnToolsVersion = 7.2;
						TestTargetID = 354E7B0E1CBF3F0600D9F030;
					};
				};
			};
			buildConfigurationList = 354E7B0A1CBF3F0600D9F030 /* Build configuration list for PBXProject "ZYPhotoBrowserDemo" */;
			compatibilityVersion = "Xcode 3.2";
			developmentRegion = English;
			hasScannedForEncodings = 0;
			knownRegions = (
				en,
				Base,
			);
			mainGroup = 354E7B061CBF3F0600D9F030;
			productRefGroup = 354E7B101CBF3F0600D9F030 /* Products */;
			projectDirPath = "";
			projectRoot = "";
			targets = (
				354E7B0E1CBF3F0600D9F030 /* ZYPhotoBrowserDemo */,
				354E7B271CBF3F0600D9F030 /* ZYPhotoBrowserDemoTests */,
				354E7B321CBF3F0600D9F030 /* ZYPhotoBrowserDemoUITests */,
			);
		};
/* End PBXProject section */

/* Begin PBXResourcesBuildPhase section */
		354E7B0D1CBF3F0600D9F030 /* Resources */ = {
			isa = PBXResourcesBuildPhase;
			buildActionMask = 2147483647;
			files = (
				350BB4D41E52AD3C003C3E62 /* Info.plist in Resources */,
				354E7B221CBF3F0600D9F030 /* LaunchScreen.storyboard in Resources */,
				350BB4DF1E52AD3C003C3E62 /* MBProgressHUD.bundle in Resources */,
				350BB4F11E52AD3C003C3E62 /* placeholderImage.png in Resources */,
				354E7B1F1CBF3F0600D9F030 /* Assets.xcassets in Resources */,
				354E7B1D1CBF3F0600D9F030 /* Main.storyboard in Resources */,
			);
			runOnlyForDeploymentPostprocessing = 0;
		};
		354E7B261CBF3F0600D9F030 /* Resources */ = {
			isa = PBXResourcesBuildPhase;
			buildActionMask = 2147483647;
			files = (
			);
			runOnlyForDeploymentPostprocessing = 0;
		};
		354E7B311CBF3F0600D9F030 /* Resources */ = {
			isa = PBXResourcesBuildPhase;
			buildActionMask = 2147483647;
			files = (
			);
			runOnlyForDeploymentPostprocessing = 0;
		};
/* End PBXResourcesBuildPhase section */

/* Begin PBXSourcesBuildPhase section */
		354E7B0B1CBF3F0600D9F030 /* Sources */ = {
			isa = PBXSourcesBuildPhase;
			buildActionMask = 2147483647;
			files = (
				350BB4EC1E52AD3C003C3E62 /* UIImage+MultiFormat.m in Sources */,
				350BB4ED1E52AD3C003C3E62 /* UIImage+WebP.m in Sources */,
				350BB4DC1E52AD3C003C3E62 /* NSLayoutConstraint+MASDebugAdditions.m in Sources */,
				350BB4E81E52AD3C003C3E62 /* SDWebImageManager.m in Sources */,
				350BB4DA1E52AD3C003C3E62 /* MASViewConstraint.m in Sources */,
				350BB4D51E52AD3C003C3E62 /* MASCompositeConstraint.m in Sources */,
				350BB4DB1E52AD3C003C3E62 /* NSArray+MASAdditions.m in Sources */,
				350BB4E61E52AD3C003C3E62 /* SDWebImageDownloader.m in Sources */,
				354E7B1A1CBF3F0600D9F030 /* ViewController.m in Sources */,
				354E7B171CBF3F0600D9F030 /* AppDelegate.m in Sources */,
				350BB4D81E52AD3C003C3E62 /* MASLayoutConstraint.m in Sources */,
				350BB4F31E52AD3C003C3E62 /* ZYPhotoBrowserView.m in Sources */,
				354E7B141CBF3F0600D9F030 /* main.m in Sources */,
				350BB4E11E52AD3C003C3E62 /* MKAnnotationView+WebCache.m in Sources */,
				350BB4DE1E52AD3C003C3E62 /* ViewController+MASAdditions.m in Sources */,
				350BB4E21E52AD3C003C3E62 /* NSData+ImageContentType.m in Sources */,
				350BB4EB1E52AD3C003C3E62 /* UIImage+GIF.m in Sources */,
				350BB4EA1E52AD3C003C3E62 /* UIButton+WebCache.m in Sources */,
				350BB4DD1E52AD3C003C3E62 /* View+MASAdditions.m in Sources */,
				350BB4E91E52AD3C003C3E62 /* SDWebImagePrefetcher.m in Sources */,
				350BB4E51E52AD3C003C3E62 /* SDWebImageDecoder.m in Sources */,
				350BB4E31E52AD3C003C3E62 /* SDImageCache.m in Sources */,
				350BB4E41E52AD3C003C3E62 /* SDWebImageCompat.m in Sources */,
				350BB4F01E52AD3C003C3E62 /* UIView+WebCacheOperation.m in Sources */,
				350BB4F21E52AD3C003C3E62 /* ZYPhotoBrowser.m in Sources */,
				350BB4D91E52AD3C003C3E62 /* MASViewAttribute.m in Sources */,
				350BB4D61E52AD3C003C3E62 /* MASConstraint.m in Sources */,
				350BB4F71E52AD3C003C3E62 /* ZYWaitingView.m in Sources */,
				350BB4E71E52AD3C003C3E62 /* SDWebImageDownloaderOperation.m in Sources */,
				350BB4D71E52AD3C003C3E62 /* MASConstraintMaker.m in Sources */,
				350BB4EF1E52AD3C003C3E62 /* UIImageView+WebCache.m in Sources */,
				350BB4F41E52AD3C003C3E62 /* ZYPhotoCollectionView.m in Sources */,
				350BB4EE1E52AD3C003C3E62 /* UIImageView+HighlightedWebCache.m in Sources */,
				350BB4F61E52AD3C003C3E62 /* ZYPhotoModel.m in Sources */,
				350BB4F51E52AD3C003C3E62 /* ZYPhotoCollectionViewCell.m in Sources */,
				350BB4E01E52AD3C003C3E62 /* MBProgressHUD.m in Sources */,
			);
			runOnlyForDeploymentPostprocessing = 0;
		};
		354E7B241CBF3F0600D9F030 /* Sources */ = {
			isa = PBXSourcesBuildPhase;
			buildActionMask = 2147483647;
			files = (
				354E7B2D1CBF3F0600D9F030 /* ZYPhotoBrowserDemoTests.m in Sources */,
			);
			runOnlyForDeploymentPostprocessing = 0;
		};
		354E7B2F1CBF3F0600D9F030 /* Sources */ = {
			isa = PBXSourcesBuildPhase;
			buildActionMask = 2147483647;
			files = (
				354E7B381CBF3F0600D9F030 /* ZYPhotoBrowserDemoUITests.m in Sources */,
			);
			runOnlyForDeploymentPostprocessing = 0;
		};
/* End PBXSourcesBuildPhase section */

/* Begin PBXTargetDependency section */
		354E7B2A1CBF3F0600D9F030 /* PBXTargetDependency */ = {
			isa = PBXTargetDependency;
			target = 354E7B0E1CBF3F0600D9F030 /* ZYPhotoBrowserDemo */;
			targetProxy = 354E7B291CBF3F0600D9F030 /* PBXContainerItemProxy */;
		};
		354E7B351CBF3F0600D9F030 /* PBXTargetDependency */ = {
			isa = PBXTargetDependency;
			target = 354E7B0E1CBF3F0600D9F030 /* ZYPhotoBrowserDemo */;
			targetProxy = 354E7B341CBF3F0600D9F030 /* PBXContainerItemProxy */;
		};
/* End PBXTargetDependency section */

/* Begin PBXVariantGroup section */
		354E7B1B1CBF3F0600D9F030 /* Main.storyboard */ = {
			isa = PBXVariantGroup;
			children = (
				354E7B1C1CBF3F0600D9F030 /* Base */,
			);
			name = Main.storyboard;
			sourceTree = "<group>";
		};
		354E7B201CBF3F0600D9F030 /* LaunchScreen.storyboard */ = {
			isa = PBXVariantGroup;
			children = (
				354E7B211CBF3F0600D9F030 /* Base */,
			);
			name = LaunchScreen.storyboard;
			sourceTree = "<group>";
		};
/* End PBXVariantGroup section */

/* Begin XCBuildConfiguration section */
		354E7B3A1CBF3F0600D9F030 /* Debug */ = {
			isa = XCBuildConfiguration;
			buildSettings = {
				ALWAYS_SEARCH_USER_PATHS = NO;
				CLANG_CXX_LANGUAGE_STANDARD = "gnu++0x";
				CLANG_CXX_LIBRARY = "libc++";
				CLANG_ENABLE_MODULES = YES;
				CLANG_ENABLE_OBJC_ARC = YES;
				CLANG_WARN_BOOL_CONVERSION = YES;
				CLANG_WARN_CONSTANT_CONVERSION = YES;
				CLANG_WARN_DIRECT_OBJC_ISA_USAGE = YES_ERROR;
				CLANG_WARN_EMPTY_BODY = YES;
				CLANG_WARN_ENUM_CONVERSION = YES;
				CLANG_WARN_INT_CONVERSION = YES;
				CLANG_WARN_OBJC_ROOT_CLASS = YES_ERROR;
				CLANG_WARN_UNREACHABLE_CODE = YES;
				CLANG_WARN__DUPLICATE_METHOD_MATCH = YES;
				"CODE_SIGN_IDENTITY[sdk=iphoneos*]" = "iPhone Developer";
				COPY_PHASE_STRIP = NO;
				DEBUG_INFORMATION_FORMAT = dwarf;
				ENABLE_STRICT_OBJC_MSGSEND = YES;
				ENABLE_TESTABILITY = YES;
				GCC_C_LANGUAGE_STANDARD = gnu99;
				GCC_DYNAMIC_NO_PIC = NO;
				GCC_NO_COMMON_BLOCKS = YES;
				GCC_OPTIMIZATION_LEVEL = 0;
				GCC_PREPROCESSOR_DEFINITIONS = (
					"DEBUG=1",
					"$(inherited)",
				);
				GCC_WARN_64_TO_32_BIT_CONVERSION = YES;
				GCC_WARN_ABOUT_RETURN_TYPE = YES_ERROR;
				GCC_WARN_UNDECLARED_SELECTOR = YES;
				GCC_WARN_UNINITIALIZED_AUTOS = YES_AGGRESSIVE;
				GCC_WARN_UNUSED_FUNCTION = YES;
				GCC_WARN_UNUSED_VARIABLE = YES;
				IPHONEOS_DEPLOYMENT_TARGET = 9.2;
				MTL_ENABLE_DEBUG_INFO = YES;
				ONLY_ACTIVE_ARCH = YES;
				SDKROOT = iphoneos;
			};
			name = Debug;
		};
		354E7B3B1CBF3F0600D9F030 /* Release */ = {
			isa = XCBuildConfiguration;
			buildSettings = {
				ALWAYS_SEARCH_USER_PATHS = NO;
				CLANG_CXX_LANGUAGE_STANDARD = "gnu++0x";
				CLANG_CXX_LIBRARY = "libc++";
				CLANG_ENABLE_MODULES = YES;
				CLANG_ENABLE_OBJC_ARC = YES;
				CLANG_WARN_BOOL_CONVERSION = YES;
				CLANG_WARN_CONSTANT_CONVERSION = YES;
				CLANG_WARN_DIRECT_OBJC_ISA_USAGE = YES_ERROR;
				CLANG_WARN_EMPTY_BODY = YES;
				CLANG_WARN_ENUM_CONVERSION = YES;
				CLANG_WARN_INT_CONVERSION = YES;
				CLANG_WARN_OBJC_ROOT_CLASS = YES_ERROR;
				CLANG_WARN_UNREACHABLE_CODE = YES;
				CLANG_WARN__DUPLICATE_METHOD_MATCH = YES;
				"CODE_SIGN_IDENTITY[sdk=iphoneos*]" = "iPhone Developer";
				COPY_PHASE_STRIP = NO;
				DEBUG_INFORMATION_FORMAT = "dwarf-with-dsym";
				ENABLE_NS_ASSERTIONS = NO;
				ENABLE_STRICT_OBJC_MSGSEND = YES;
				GCC_C_LANGUAGE_STANDARD = gnu99;
				GCC_NO_COMMON_BLOCKS = YES;
				GCC_WARN_64_TO_32_BIT_CONVERSION = YES;
				GCC_WARN_ABOUT_RETURN_TYPE = YES_ERROR;
				GCC_WARN_UNDECLARED_SELECTOR = YES;
				GCC_WARN_UNINITIALIZED_AUTOS = YES_AGGRESSIVE;
				GCC_WARN_UNUSED_FUNCTION = YES;
				GCC_WARN_UNUSED_VARIABLE = YES;
				IPHONEOS_DEPLOYMENT_TARGET = 9.2;
				MTL_ENABLE_DEBUG_INFO = NO;
				SDKROOT = iphoneos;
				VALIDATE_PRODUCT = YES;
			};
			name = Release;
		};
		354E7B3D1CBF3F0600D9F030 /* Debug */ = {
			isa = XCBuildConfiguration;
			buildSettings = {
				ASSETCATALOG_COMPILER_APPICON_NAME = AppIcon;
				DEVELOPMENT_TEAM = 49QZ97R8R2;
				INFOPLIST_FILE = ZYPhotoBrowserDemo/Info.plist;
				IPHONEOS_DEPLOYMENT_TARGET = 7.0;
				LD_RUNPATH_SEARCH_PATHS = "$(inherited) @executable_path/Frameworks";
				PRODUCT_BUNDLE_IDENTIFIER = com.916848622qq.ZYPhotoBrowserDemo;
				PRODUCT_NAME = "$(TARGET_NAME)";
			};
			name = Debug;
		};
		354E7B3E1CBF3F0600D9F030 /* Release */ = {
			isa = XCBuildConfiguration;
			buildSettings = {
				ASSETCATALOG_COMPILER_APPICON_NAME = AppIcon;
				DEVELOPMENT_TEAM = 49QZ97R8R2;
				INFOPLIST_FILE = ZYPhotoBrowserDemo/Info.plist;
				IPHONEOS_DEPLOYMENT_TARGET = 7.0;
				LD_RUNPATH_SEARCH_PATHS = "$(inherited) @executable_path/Frameworks";
				PRODUCT_BUNDLE_IDENTIFIER = com.916848622qq.ZYPhotoBrowserDemo;
				PRODUCT_NAME = "$(TARGET_NAME)";
			};
			name = Release;
		};
		354E7B401CBF3F0600D9F030 /* Debug */ = {
			isa = XCBuildConfiguration;
			buildSettings = {
				BUNDLE_LOADER = "$(TEST_HOST)";
				INFOPLIST_FILE = ZYPhotoBrowserDemoTests/Info.plist;
				LD_RUNPATH_SEARCH_PATHS = "$(inherited) @executable_path/Frameworks @loader_path/Frameworks";
				PRODUCT_BUNDLE_IDENTIFIER = com.916848622qq.ZYPhotoBrowserDemoTests;
				PRODUCT_NAME = "$(TARGET_NAME)";
				TEST_HOST = "$(BUILT_PRODUCTS_DIR)/ZYPhotoBrowserDemo.app/ZYPhotoBrowserDemo";
			};
			name = Debug;
		};
		354E7B411CBF3F0600D9F030 /* Release */ = {
			isa = XCBuildConfiguration;
			buildSettings = {
				BUNDLE_LOADER = "$(TEST_HOST)";
				INFOPLIST_FILE = ZYPhotoBrowserDemoTests/Info.plist;
				LD_RUNPATH_SEARCH_PATHS = "$(inherited) @executable_path/Frameworks @loader_path/Frameworks";
				PRODUCT_BUNDLE_IDENTIFIER = com.916848622qq.ZYPhotoBrowserDemoTests;
				PRODUCT_NAME = "$(TARGET_NAME)";
				TEST_HOST = "$(BUILT_PRODUCTS_DIR)/ZYPhotoBrowserDemo.app/ZYPhotoBrowserDemo";
			};
			name = Release;
		};
		354E7B431CBF3F0600D9F030 /* Debug */ = {
			isa = XCBuildConfiguration;
			buildSettings = {
				INFOPLIST_FILE = ZYPhotoBrowserDemoUITests/Info.plist;
				LD_RUNPATH_SEARCH_PATHS = "$(inherited) @executable_path/Frameworks @loader_path/Frameworks";
				PRODUCT_BUNDLE_IDENTIFIER = com.916848622qq.ZYPhotoBrowserDemoUITests;
				PRODUCT_NAME = "$(TARGET_NAME)";
				TEST_TARGET_NAME = ZYPhotoBrowserDemo;
				USES_XCTRUNNER = YES;
			};
			name = Debug;
		};
		354E7B441CBF3F0600D9F030 /* Release */ = {
			isa = XCBuildConfiguration;
			buildSettings = {
				INFOPLIST_FILE = ZYPhotoBrowserDemoUITests/Info.plist;
				LD_RUNPATH_SEARCH_PATHS = "$(inherited) @executable_path/Frameworks @loader_path/Frameworks";
				PRODUCT_BUNDLE_IDENTIFIER = com.916848622qq.ZYPhotoBrowserDemoUITests;
				PRODUCT_NAME = "$(TARGET_NAME)";
				TEST_TARGET_NAME = ZYPhotoBrowserDemo;
				USES_XCTRUNNER = YES;
			};
			name = Release;
		};
/* End XCBuildConfiguration section */

/* Begin XCConfigurationList section */
		354E7B0A1CBF3F0600D9F030 /* Build configuration list for PBXProject "ZYPhotoBrowserDemo" */ = {
			isa = XCConfigurationList;
			buildConfigurations = (
				354E7B3A1CBF3F0600D9F030 /* Debug */,
				354E7B3B1CBF3F0600D9F030 /* Release */,
			);
			defaultConfigurationIsVisible = 0;
			defaultConfigurationName = Release;
		};
		354E7B3C1CBF3F0600D9F030 /* Build configuration list for PBXNativeTarget "ZYPhotoBrowserDemo" */ = {
			isa = XCConfigurationList;
			buildConfigurations = (
				354E7B3D1CBF3F0600D9F030 /* Debug */,
				354E7B3E1CBF3F0600D9F030 /* Release */,
			);
			defaultConfigurationIsVisible = 0;
			defaultConfigurationName = Release;
		};
		354E7B3F1CBF3F0600D9F030 /* Build configuration list for PBXNativeTarget "ZYPhotoBrowserDemoTests" */ = {
			isa = XCConfigurationList;
			buildConfigurations = (
				354E7B401CBF3F0600D9F030 /* Debug */,
				354E7B411CBF3F0600D9F030 /* Release */,
			);
			defaultConfigurationIsVisible = 0;
			defaultConfigurationName = Release;
		};
		354E7B421CBF3F0600D9F030 /* Build configuration list for PBXNativeTarget "ZYPhotoBrowserDemoUITests" */ = {
			isa = XCConfigurationList;
			buildConfigurations = (
				354E7B431CBF3F0600D9F030 /* Debug */,
				354E7B441CBF3F0600D9F030 /* Release */,
			);
			defaultConfigurationIsVisible = 0;
			defaultConfigurationName = Release;
		};
/* End XCConfigurationList section */
	};
	rootObject = 354E7B071CBF3F0600D9F030 /* Project object */;
}
